# @generated by Move, please check-in and do not edit manually.

[move]
version = 3
manifest_digest = "E37CBC956E33515A3B6CAFAFF1121E63A9AD743C41190E684E0944094C30F64B"
deps_digest = "060AD7E57DFB13104F21BE5F5C3759D03F0553FC3229247D9A7A6B45F50D03A3"
dependencies = [
  { id = "AptosFramework", name = "AptosFramework" },
  { id = "AptosStdlib", name = "AptosStdlib" },
  { id = "MoveStdlib", name = "MoveStdlib" },
]

[[move.package]]
id = "AptosFramework"
source = { git = "https://github.com/aptos-labs/aptos-core.git", rev = "4ace64edcc41878fe348c07238cfe497a5cb6714", subdir = "aptos-move/framework/aptos-framework" }

dependencies = [
  { id = "AptosStdlib", name = "AptosStdlib" },
  { id = "MoveStdlib", name = "MoveStdlib" },
]

[[move.package]]
id = "AptosStdlib"
source = { git = "https://github.com/aptos-labs/aptos-core.git", rev = "4ace64edcc41878fe348c07238cfe497a5cb6714", subdir = "aptos-move/framework/aptos-stdlib" }

dependencies = [
  { id = "MoveStdlib", name = "MoveStdlib" },
]

[[move.package]]
id = "MoveStdlib"
source = { git = "https://github.com/aptos-labs/aptos-core.git", rev = "4ace64edcc41878fe348c07238cfe497a5cb6714", subdir = "aptos-move/framework/move-stdlib" }
